{
  "nodes": {
    "cardano-ledger-release-tool": {
      "inputs": {
        "flake-utils": [
          "flake-utils"
        ],
        "hackage": [
          "hackageNix"
        ],
        "haskell-nix": [
          "haskellNix"
        ],
        "nixpkgs": [
          "cardano-ledger-release-tool",
          "haskell-nix",
          "nixpkgs"
        ],
        "pre-commit-hooks": [
          "pre-commit-hooks"
        ]
      },
      "locked": {
        "lastModified": 1775087180,
        "narHash": "sha256-dAwb3ZXkcRO83gP9/fiiWxC05eAhSZ4ntkLVxpv7qEY=",
        "owner": "input-output-hk",
        "repo": "cardano-ledger-release-tool",
        "rev": "e8011391f49e927f1b69878b75b69cc656e6b9cb",
        "type": "github"
      },
      "original": {
        "owner": "input-output-hk",
        "ref": "0.3.0.0",
        "repo": "cardano-ledger-release-tool",
        "type": "github"
      }
    },
    "head-hackage": {
      "flake": false,
      "locked": {
        "host": "gitlab.haskell.org",
        "lastModified": 1780387533,
        "narHash": "sha256-nifEa/JYg8ZLUtkbM8HVzKmqCcT9QxaDmG0ex2qT0Ng=",
        "owner": "ghc",
        "repo": "head.hackage",
        "rev": "a50bec6c7722f774415bc0f0a0e64f6e2b8989b7",
        "type": "gitlab"
      },
      "original": {
        "host": "gitlab.haskell.org",
        "owner": "ghc",
        "repo": "head.hackage",
        "type": "gitlab"
      }
    }
  },
  "root": "root",
  "version": 7
}
